
Microsoft Visual Studio Solution File, Format Version 12.00
# Visual Studio Version 16
VisualStudioVersion = 16.0.30104.148
MinimumVisualStudioVersion = 10.0.40219.1
Project("{FAE04EC0-301F-11D3-BF4B-00C04F79EFBC}") = "ConsoleSendMail", "ConsoleSendMail\ConsoleSendMail.csproj", "{9843596B-CD9A-42F5-94DF-70A8442EB351}"
EndProject
Global
	GlobalSection(SolutionConfigurationPlatforms) = preSolution
		Debug|Any CPU = Debug|Any CPU
		Release|Any CPU = Release|Any CPU
	EndGlobalSection
	GlobalSection(ProjectConfigurationPlatforms) = postSolution
		{9843596B-CD9A-42F5-94DF-70A8442EB351}.Debug|Any CPU.ActiveCfg = Debug|Any CPU
		{9843596B-CD9A-42F5-94DF-70A8442EB351}.Debug|Any CPU.Build.0 = Debug|Any CPU
		{9843596B-CD9A-42F5-94DF-70A8442EB351}.Release|Any CPU.ActiveCfg = Release|Any CPU
		{9843596B-CD9A-42F5-94DF-70A8442EB351}.Release|Any CPU.Build.0 = Release|Any CPU
	EndGlobalSection
	GlobalSection(SolutionProperties) = preSolution
		HideSolutionNode = FALSE
	EndGlobalSection
	GlobalSection(ExtensibilityGlobals) = postSolution
		SolutionGuid = {A5116277-9D96-4BD1-BCE0-FB810C980A45}
	EndGlobalSection
EndGlobal
